
Microsoft Visual Studio Solution File, Format Version 12.00
# Visual Studio Version 16
VisualStudioVersion = 16.0.28922.388
MinimumVisualStudioVersion = 10.0.40219.1
Project("{FAE04EC0-301F-11D3-BF4B-00C04F79EFBC}") = "MDMProject", "MDMProject\MDMProject.csproj", "{DA311CAD-52D1-4B37-823C-9B803CC615D9}"
EndProject
Global
	GlobalSection(SolutionConfigurationPlatforms) = preSolution
		Debug|Any CPU = Debug|Any CPU
		Release|Any CPU = Release|Any CPU
	EndGlobalSection
	GlobalSection(ProjectConfigurationPlatforms) = postSolution
		{DA311CAD-52D1-4B37-823C-9B803CC615D9}.Debug|Any CPU.ActiveCfg = Debug|Any CPU
		{DA311CAD-52D1-4B37-823C-9B803CC615D9}.Debug|Any CPU.Build.0 = Debug|Any CPU
		{DA311CAD-52D1-4B37-823C-9B803CC615D9}.Release|Any CPU.ActiveCfg = Release|Any CPU
		{DA311CAD-52D1-4B37-823C-9B803CC615D9}.Release|Any CPU.Build.0 = Release|Any CPU
	EndGlobalSection
	GlobalSection(SolutionProperties) = preSolution
		HideSolutionNode = FALSE
	EndGlobalSection
	GlobalSection(ExtensibilityGlobals) = postSolution
		SolutionGuid = {55C271F9-3B56-48D7-8D7A-8B0F3CFFC2A0}
	EndGlobalSection
EndGlobal
